
Microsoft Visual Studio Solution File, Format Version 12.00
# Visual Studio Version 17
VisualStudioVersion = 17.0.31903.59
MinimumVisualStudioVersion = 10.0.40219.1
Project("{2150E333-8FDC-42A3-9474-1A3956D46DE8}") = "Server", "Server", "{DAD03CFC-D5FA-AC94-41C7-9ABAB326F09E}"
EndProject
Project("{2150E333-8FDC-42A3-9474-1A3956D46DE8}") = "hotfix", "hotfix", "{FEECCC96-93D1-E2DE-62F2-F54E2BED6595}"
EndProject
Project("{FAE04EC0-301F-11D3-BF4B-00C04F79EFBC}") = "Hotfix", "Server\hotfix\Hotfix.csproj", "{97FC6CA9-A3BD-42F3-A598-DAF9BCDE12C8}"
EndProject
Project("{2150E333-8FDC-42A3-9474-1A3956D46DE8}") = "main", "main", "{93D508C7-8ECF-E1F7-DA55-F4DEF345802B}"
EndProject
Project("{FAE04EC0-301F-11D3-BF4B-00C04F79EFBC}") = "Main", "Server\main\Main.csproj", "{0AD044AA-7BA0-469E-BF13-B78A01202E5C}"
EndProject
Project("{FAE04EC0-301F-11D3-BF4B-00C04F79EFBC}") = "Model", "Server\Model\Model.csproj", "{6FE289AF-2700-48E8-9DA8-513FBB72D5D7}"
EndProject
Global
	GlobalSection(SolutionConfigurationPlatforms) = preSolution
		Debug|Any CPU = Debug|Any CPU
		Debug|x64 = Debug|x64
		Debug|x86 = Debug|x86
		Release|Any CPU = Release|Any CPU
		Release|x64 = Release|x64
		Release|x86 = Release|x86
	EndGlobalSection
	GlobalSection(ProjectConfigurationPlatforms) = postSolution
		{97FC6CA9-A3BD-42F3-A598-DAF9BCDE12C8}.Debug|Any CPU.ActiveCfg = Debug|Any CPU
		{97FC6CA9-A3BD-42F3-A598-DAF9BCDE12C8}.Debug|Any CPU.Build.0 = Debug|Any CPU
		{97FC6CA9-A3BD-42F3-A598-DAF9BCDE12C8}.Debug|x64.ActiveCfg = Debug|Any CPU
		{97FC6CA9-A3BD-42F3-A598-DAF9BCDE12C8}.Debug|x64.Build.0 = Debug|Any CPU
		{97FC6CA9-A3BD-42F3-A598-DAF9BCDE12C8}.Debug|x86.ActiveCfg = Debug|Any CPU
		{97FC6CA9-A3BD-42F3-A598-DAF9BCDE12C8}.Debug|x86.Build.0 = Debug|Any CPU
		{97FC6CA9-A3BD-42F3-A598-DAF9BCDE12C8}.Release|Any CPU.ActiveCfg = Release|Any CPU
		{97FC6CA9-A3BD-42F3-A598-DAF9BCDE12C8}.Release|Any CPU.Build.0 = Release|Any CPU
		{97FC6CA9-A3BD-42F3-A598-DAF9BCDE12C8}.Release|x64.ActiveCfg = Release|Any CPU
		{97FC6CA9-A3BD-42F3-A598-DAF9BCDE12C8}.Release|x64.Build.0 = Release|Any CPU
		{97FC6CA9-A3BD-42F3-A598-DAF9BCDE12C8}.Release|x86.ActiveCfg = Release|Any CPU
		{97FC6CA9-A3BD-42F3-A598-DAF9BCDE12C8}.Release|x86.Build.0 = Release|Any CPU
		{0AD044AA-7BA0-469E-BF13-B78A01202E5C}.Debug|Any CPU.ActiveCfg = Debug|Any CPU
		{0AD044AA-7BA0-469E-BF13-B78A01202E5C}.Debug|Any CPU.Build.0 = Debug|Any CPU
		{0AD044AA-7BA0-469E-BF13-B78A01202E5C}.Debug|x64.ActiveCfg = Debug|Any CPU
		{0AD044AA-7BA0-469E-BF13-B78A01202E5C}.Debug|x64.Build.0 = Debug|Any CPU
		{0AD044AA-7BA0-469E-BF13-B78A01202E5C}.Debug|x86.ActiveCfg = Debug|Any CPU
		{0AD044AA-7BA0-469E-BF13-B78A01202E5C}.Debug|x86.Build.0 = Debug|Any CPU
		{0AD044AA-7BA0-469E-BF13-B78A01202E5C}.Release|Any CPU.ActiveCfg = Release|Any CPU
		{0AD044AA-7BA0-469E-BF13-B78A01202E5C}.Release|Any CPU.Build.0 = Release|Any CPU
		{0AD044AA-7BA0-469E-BF13-B78A01202E5C}.Release|x64.ActiveCfg = Release|Any CPU
		{0AD044AA-7BA0-469E-BF13-B78A01202E5C}.Release|x64.Build.0 = Release|Any CPU
		{0AD044AA-7BA0-469E-BF13-B78A01202E5C}.Release|x86.ActiveCfg = Release|Any CPU
		{0AD044AA-7BA0-469E-BF13-B78A01202E5C}.Release|x86.Build.0 = Release|Any CPU
		{6FE289AF-2700-48E8-9DA8-513FBB72D5D7}.Debug|Any CPU.ActiveCfg = Debug|Any CPU
		{6FE289AF-2700-48E8-9DA8-513FBB72D5D7}.Debug|Any CPU.Build.0 = Debug|Any CPU
		{6FE289AF-2700-48E8-9DA8-513FBB72D5D7}.Debug|x64.ActiveCfg = Debug|Any CPU
		{6FE289AF-2700-48E8-9DA8-513FBB72D5D7}.Debug|x64.Build.0 = Debug|Any CPU
		{6FE289AF-2700-48E8-9DA8-513FBB72D5D7}.Debug|x86.ActiveCfg = Debug|Any CPU
		{6FE289AF-2700-48E8-9DA8-513FBB72D5D7}.Debug|x86.Build.0 = Debug|Any CPU
		{6FE289AF-2700-48E8-9DA8-513FBB72D5D7}.Release|Any CPU.ActiveCfg = Release|Any CPU
		{6FE289AF-2700-48E8-9DA8-513FBB72D5D7}.Release|Any CPU.Build.0 = Release|Any CPU
		{6FE289AF-2700-48E8-9DA8-513FBB72D5D7}.Release|x64.ActiveCfg = Release|Any CPU
		{6FE289AF-2700-48E8-9DA8-513FBB72D5D7}.Release|x64.Build.0 = Release|Any CPU
		{6FE289AF-2700-48E8-9DA8-513FBB72D5D7}.Release|x86.ActiveCfg = Release|Any CPU
		{6FE289AF-2700-48E8-9DA8-513FBB72D5D7}.Release|x86.Build.0 = Release|Any CPU
	EndGlobalSection
	GlobalSection(SolutionProperties) = preSolution
		HideSolutionNode = FALSE
	EndGlobalSection
	GlobalSection(NestedProjects) = preSolution
		{FEECCC96-93D1-E2DE-62F2-F54E2BED6595} = {DAD03CFC-D5FA-AC94-41C7-9ABAB326F09E}
		{97FC6CA9-A3BD-42F3-A598-DAF9BCDE12C8} = {FEECCC96-93D1-E2DE-62F2-F54E2BED6595}
		{93D508C7-8ECF-E1F7-DA55-F4DEF345802B} = {DAD03CFC-D5FA-AC94-41C7-9ABAB326F09E}
		{0AD044AA-7BA0-469E-BF13-B78A01202E5C} = {93D508C7-8ECF-E1F7-DA55-F4DEF345802B}
		{6FE289AF-2700-48E8-9DA8-513FBB72D5D7} = {DAD03CFC-D5FA-AC94-41C7-9ABAB326F09E}
	EndGlobalSection
EndGlobal
